
Microsoft Visual Studio Solution File, Format Version 12.00
# Visual Studio 15
VisualStudioVersion = 15.0.28010.2048
MinimumVisualStudioVersion = 10.0.40219.1
Project("{FAE04EC0-301F-11D3-BF4B-00C04F79EFBC}") = "XamarinTest.Android", "XamarinTest\XamarinTest.Android\XamarinTest.Android.csproj", "{4CBB1EB5-18C9-45EC-BB8D-F324DE3B02B4}"
EndProject
Project("{FAE04EC0-301F-11D3-BF4B-00C04F79EFBC}") = "XamarinTest.iOS", "XamarinTest\XamarinTest.iOS\XamarinTest.iOS.csproj", "{F4DF5E26-272B-43DA-8FF3-F8CA786F4474}"
EndProject
Project("{FAE04EC0-301F-11D3-BF4B-00C04F79EFBC}") = "XamarinTest.UWP", "XamarinTest\XamarinTest.UWP\XamarinTest.UWP.csproj", "{CFDDA868-9CB8-4404-A1C2-1741423DD35E}"
EndProject
Project("{9A19103F-16F7-4668-BE54-9A1E7A4F7556}") = "XamarinTest", "XamarinTest\XamarinTest\XamarinTest.csproj", "{8262298F-360A-442B-9432-ABBC047FB7BA}"
EndProject
Project("{9A19103F-16F7-4668-BE54-9A1E7A4F7556}") = "DataLayer", "DataLayer\DataLayer.csproj", "{FB8DFDB2-33E1-4413-8617-DC4256972349}"
EndProject
Project("{FAE04EC0-301F-11D3-BF4B-00C04F79EFBC}") = "WebAPI", "WebAPI\WebAPI.csproj", "{42741688-6EAD-472D-85C2-67C92BA35D3F}"
EndProject
Global
	GlobalSection(SolutionConfigurationPlatforms) = preSolution
		Ad-Hoc|Any CPU = Ad-Hoc|Any CPU
		Ad-Hoc|ARM = Ad-Hoc|ARM
		Ad-Hoc|iPhone = Ad-Hoc|iPhone
		Ad-Hoc|iPhoneSimulator = Ad-Hoc|iPhoneSimulator
		Ad-Hoc|x64 = Ad-Hoc|x64
		Ad-Hoc|x86 = Ad-Hoc|x86
		AppStore|Any CPU = AppStore|Any CPU
		AppStore|ARM = AppStore|ARM
		AppStore|iPhone = AppStore|iPhone
		AppStore|iPhoneSimulator = AppStore|iPhoneSimulator
		AppStore|x64 = AppStore|x64
		AppStore|x86 = AppStore|x86
		Debug|Any CPU = Debug|Any CPU
		Debug|ARM = Debug|ARM
		Debug|iPhone = Debug|iPhone
		Debug|iPhoneSimulator = Debug|iPhoneSimulator
		Debug|x64 = Debug|x64
		Debug|x86 = Debug|x86
		Release|Any CPU = Release|Any CPU
		Release|ARM = Release|ARM
		Release|iPhone = Release|iPhone
		Release|iPhoneSimulator = Release|iPhoneSimulator
		Release|x64 = Release|x64
		Release|x86 = Release|x86
	EndGlobalSection
	GlobalSection(ProjectConfigurationPlatforms) = postSolution
		{4CBB1EB5-18C9-45EC-BB8D-F324DE3B02B4}.Ad-Hoc|Any CPU.ActiveCfg = Release|Any CPU
		{4CBB1EB5-18C9-45EC-BB8D-F324DE3B02B4}.Ad-Hoc|Any CPU.Build.0 = Release|Any CPU
		{4CBB1EB5-18C9-45EC-BB8D-F324DE3B02B4}.Ad-Hoc|Any CPU.Deploy.0 = Release|Any CPU
		{4CBB1EB5-18C9-45EC-BB8D-F324DE3B02B4}.Ad-Hoc|ARM.ActiveCfg = Release|Any CPU
		{4CBB1EB5-18C9-45EC-BB8D-F324DE3B02B4}.Ad-Hoc|ARM.Build.0 = Release|Any CPU
		{4CBB1EB5-18C9-45EC-BB8D-F324DE3B02B4}.Ad-Hoc|ARM.Deploy.0 = Release|Any CPU
		{4CBB1EB5-18C9-45EC-BB8D-F324DE3B02B4}.Ad-Hoc|iPhone.ActiveCfg = Release|Any CPU
		{4CBB1EB5-18C9-45EC-BB8D-F324DE3B02B4}.Ad-Hoc|iPhone.Build.0 = Release|Any CPU
		{4CBB1EB5-18C9-45EC-BB8D-F324DE3B02B4}.Ad-Hoc|iPhone.Deploy.0 = Release|Any CPU
		{4CBB1EB5-18C9-45EC-BB8D-F324DE3B02B4}.Ad-Hoc|iPhoneSimulator.ActiveCfg = Release|Any CPU
		{4CBB1EB5-18C9-45EC-BB8D-F324DE3B02B4}.Ad-Hoc|iPhoneSimulator.Build.0 = Release|Any CPU
		{4CBB1EB5-18C9-45EC-BB8D-F324DE3B02B4}.Ad-Hoc|iPhoneSimulator.Deploy.0 = Release|Any CPU
		{4CBB1EB5-18C9-45EC-BB8D-F324DE3B02B4}.Ad-Hoc|x64.ActiveCfg = Release|Any CPU
		{4CBB1EB5-18C9-45EC-BB8D-F324DE3B02B4}.Ad-Hoc|x64.Build.0 = Release|Any CPU
		{4CBB1EB5-18C9-45EC-BB8D-F324DE3B02B4}.Ad-Hoc|x64.Deploy.0 = Release|Any CPU
		{4CBB1EB5-18C9-45EC-BB8D-F324DE3B02B4}.Ad-Hoc|x86.ActiveCfg = Release|Any CPU
		{4CBB1EB5-18C9-45EC-BB8D-F324DE3B02B4}.Ad-Hoc|x86.Build.0 = Release|Any CPU
		{4CBB1EB5-18C9-45EC-BB8D-F324DE3B02B4}.Ad-Hoc|x86.Deploy.0 = Release|Any CPU
		{4CBB1EB5-18C9-45EC-BB8D-F324DE3B02B4}.AppStore|Any CPU.ActiveCfg = Release|Any CPU
		{4CBB1EB5-18C9-45EC-BB8D-F324DE3B02B4}.AppStore|Any CPU.Build.0 = Release|Any CPU
		{4CBB1EB5-18C9-45EC-BB8D-F324DE3B02B4}.AppStore|Any CPU.Deploy.0 = Release|Any CPU
		{4CBB1EB5-18C9-45EC-BB8D-F324DE3B02B4}.AppStore|ARM.ActiveCfg = Release|Any CPU
		{4CBB1EB5-18C9-45EC-BB8D-F324DE3B02B4}.AppStore|ARM.Build.0 = Release|Any CPU
		{4CBB1EB5-18C9-45EC-BB8D-F324DE3B02B4}.AppStore|ARM.Deploy.0 = Release|Any CPU
		{4CBB1EB5-18C9-45EC-BB8D-F324DE3B02B4}.AppStore|iPhone.ActiveCfg = Release|Any CPU
		{4CBB1EB5-18C9-45EC-BB8D-F324DE3B02B4}.AppStore|iPhone.Build.0 = Release|Any CPU
		{4CBB1EB5-18C9-45EC-BB8D-F324DE3B02B4}.AppStore|iPhone.Deploy.0 = Release|Any CPU
		{4CBB1EB5-18C9-45EC-BB8D-F324DE3B02B4}.AppStore|iPhoneSimulator.ActiveCfg = Release|Any CPU
		{4CBB1EB5-18C9-45EC-BB8D-F324DE3B02B4}.AppStore|iPhoneSimulator.Build.0 = Release|Any CPU
		{4CBB1EB5-18C9-45EC-BB8D-F324DE3B02B4}.AppStore|iPhoneSimulator.Deploy.0 = Release|Any CPU
		{4CBB1EB5-18C9-45EC-BB8D-F324DE3B02B4}.AppStore|x64.ActiveCfg = Release|Any CPU
		{4CBB1EB5-18C9-45EC-BB8D-F324DE3B02B4}.AppStore|x64.Build.0 = Release|Any CPU
		{4CBB1EB5-18C9-45EC-BB8D-F324DE3B02B4}.AppStore|x64.Deploy.0 = Release|Any CPU
		{4CBB1EB5-18C9-45EC-BB8D-F324DE3B02B4}.AppStore|x86.ActiveCfg = Release|Any CPU
		{4CBB1EB5-18C9-45EC-BB8D-F324DE3B02B4}.AppStore|x86.Build.0 = Release|Any CPU
		{4CBB1EB5-18C9-45EC-BB8D-F324DE3B02B4}.AppStore|x86.Deploy.0 = Release|Any CPU
		{4CBB1EB5-18C9-45EC-BB8D-F324DE3B02B4}.Debug|Any CPU.ActiveCfg = Debug|Any CPU
		{4CBB1EB5-18C9-45EC-BB8D-F324DE3B02B4}.Debug|Any CPU.Build.0 = Debug|Any CPU
		{4CBB1EB5-18C9-45EC-BB8D-F324DE3B02B4}.Debug|Any CPU.Deploy.0 = Debug|Any CPU
		{4CBB1EB5-18C9-45EC-BB8D-F324DE3B02B4}.Debug|ARM.ActiveCfg = Debug|Any CPU
		{4CBB1EB5-18C9-45EC-BB8D-F324DE3B02B4}.Debug|ARM.Build.0 = Debug|Any CPU
		{4CBB1EB5-18C9-45EC-BB8D-F324DE3B02B4}.Debug|ARM.Deploy.0 = Debug|Any CPU
		{4CBB1EB5-18C9-45EC-BB8D-F324DE3B02B4}.Debug|iPhone.ActiveCfg = Debug|Any CPU
		{4CBB1EB5-18C9-45EC-BB8D-F324DE3B02B4}.Debug|iPhone.Build.0 = Debug|Any CPU
		{4CBB1EB5-18C9-45EC-BB8D-F324DE3B02B4}.Debug|iPhone.Deploy.0 = Debug|Any CPU
		{4CBB1EB5-18C9-45EC-BB8D-F324DE3B02B4}.Debug|iPhoneSimulator.ActiveCfg = Debug|Any CPU
		{4CBB1EB5-18C9-45EC-BB8D-F324DE3B02B4}.Debug|iPhoneSimulator.Build.0 = Debug|Any CPU
		{4CBB1EB5-18C9-45EC-BB8D-F324DE3B02B4}.Debug|iPhoneSimulator.Deploy.0 = Debug|Any CPU
		{4CBB1EB5-18C9-45EC-BB8D-F324DE3B02B4}.Debug|x64.ActiveCfg = Debug|Any CPU
		{4CBB1EB5-18C9-45EC-BB8D-F324DE3B02B4}.Debug|x64.Build.0 = Debug|Any CPU
		{4CBB1EB5-18C9-45EC-BB8D-F324DE3B02B4}.Debug|x64.Deploy.0 = Debug|Any CPU
		{4CBB1EB5-18C9-45EC-BB8D-F324DE3B02B4}.Debug|x86.ActiveCfg = Debug|Any CPU
		{4CBB1EB5-18C9-45EC-BB8D-F324DE3B02B4}.Debug|x86.Build.0 = Debug|Any CPU
		{4CBB1EB5-18C9-45EC-BB8D-F324DE3B02B4}.Debug|x86.Deploy.0 = Debug|Any CPU
		{4CBB1EB5-18C9-45EC-BB8D-F324DE3B02B4}.Release|Any CPU.ActiveCfg = Release|Any CPU
		{4CBB1EB5-18C9-45EC-BB8D-F324DE3B02B4}.Release|Any CPU.Build.0 = Release|Any CPU
		{4CBB1EB5-18C9-45EC-BB8D-F324DE3B02B4}.Release|Any CPU.Deploy.0 = Release|Any CPU
		{4CBB1EB5-18C9-45EC-BB8D-F324DE3B02B4}.Release|ARM.ActiveCfg = Release|Any CPU
		{4CBB1EB5-18C9-45EC-BB8D-F324DE3B02B4}.Release|ARM.Build.0 = Release|Any CPU
		{4CBB1EB5-18C9-45EC-BB8D-F324DE3B02B4}.Release|ARM.Deploy.0 = Release|Any CPU
		{4CBB1EB5-18C9-45EC-BB8D-F324DE3B02B4}.Release|iPhone.ActiveCfg = Release|Any CPU
		{4CBB1EB5-18C9-45EC-BB8D-F324DE3B02B4}.Release|iPhone.Build.0 = Release|Any CPU
		{4CBB1EB5-18C9-45EC-BB8D-F324DE3B02B4}.Release|iPhone.Deploy.0 = Release|Any CPU
		{4CBB1EB5-18C9-45EC-BB8D-F324DE3B02B4}.Release|iPhoneSimulator.ActiveCfg = Release|Any CPU
		{4CBB1EB5-18C9-45EC-BB8D-F324DE3B02B4}.Release|iPhoneSimulator.Build.0 = Release|Any CPU
		{4CBB1EB5-18C9-45EC-BB8D-F324DE3B02B4}.Release|iPhoneSimulator.Deploy.0 = Release|Any CPU
		{4CBB1EB5-18C9-45EC-BB8D-F324DE3B02B4}.Release|x64.ActiveCfg = Release|Any CPU
		{4CBB1EB5-18C9-45EC-BB8D-F324DE3B02B4}.Release|x64.Build.0 = Release|Any CPU
		{4CBB1EB5-18C9-45EC-BB8D-F324DE3B02B4}.Release|x64.Deploy.0 = Release|Any CPU
		{4CBB1EB5-18C9-45EC-BB8D-F324DE3B02B4}.Release|x86.ActiveCfg = Release|Any CPU
		{4CBB1EB5-18C9-45EC-BB8D-F324DE3B02B4}.Release|x86.Build.0 = Release|Any CPU
		{4CBB1EB5-18C9-45EC-BB8D-F324DE3B02B4}.Release|x86.Deploy.0 = Release|Any CPU
		{F4DF5E26-272B-43DA-8FF3-F8CA786F4474}.Ad-Hoc|Any CPU.ActiveCfg = Ad-Hoc|iPhone
		{F4DF5E26-272B-43DA-8FF3-F8CA786F4474}.Ad-Hoc|Any CPU.Build.0 = Ad-Hoc|iPhone
		{F4DF5E26-272B-43DA-8FF3-F8CA786F4474}.Ad-Hoc|Any CPU.Deploy.0 = Ad-Hoc|iPhone
		{F4DF5E26-272B-43DA-8FF3-F8CA786F4474}.Ad-Hoc|ARM.ActiveCfg = Ad-Hoc|iPhone
		{F4DF5E26-272B-43DA-8FF3-F8CA786F4474}.Ad-Hoc|ARM.Build.0 = Ad-Hoc|iPhone
		{F4DF5E26-272B-43DA-8FF3-F8CA786F4474}.Ad-Hoc|ARM.Deploy.0 = Ad-Hoc|iPhone
		{F4DF5E26-272B-43DA-8FF3-F8CA786F4474}.Ad-Hoc|iPhone.ActiveCfg = Ad-Hoc|iPhone
		{F4DF5E26-272B-43DA-8FF3-F8CA786F4474}.Ad-Hoc|iPhone.Build.0 = Ad-Hoc|iPhone
		{F4DF5E26-272B-43DA-8FF3-F8CA786F4474}.Ad-Hoc|iPhone.Deploy.0 = Ad-Hoc|iPhone
		{F4DF5E26-272B-43DA-8FF3-F8CA786F4474}.Ad-Hoc|iPhoneSimulator.ActiveCfg = Ad-Hoc|iPhoneSimulator
		{F4DF5E26-272B-43DA-8FF3-F8CA786F4474}.Ad-Hoc|iPhoneSimulator.Build.0 = Ad-Hoc|iPhoneSimulator
		{F4DF5E26-272B-43DA-8FF3-F8CA786F4474}.Ad-Hoc|iPhoneSimulator.Deploy.0 = Ad-Hoc|iPhoneSimulator
		{F4DF5E26-272B-43DA-8FF3-F8CA786F4474}.Ad-Hoc|x64.ActiveCfg = Ad-Hoc|iPhone
		{F4DF5E26-272B-43DA-8FF3-F8CA786F4474}.Ad-Hoc|x64.Build.0 = Ad-Hoc|iPhone
		{F4DF5E26-272B-43DA-8FF3-F8CA786F4474}.Ad-Hoc|x64.Deploy.0 = Ad-Hoc|iPhone
		{F4DF5E26-272B-43DA-8FF3-F8CA786F4474}.Ad-Hoc|x86.ActiveCfg = Ad-Hoc|iPhone
		{F4DF5E26-272B-43DA-8FF3-F8CA786F4474}.Ad-Hoc|x86.Build.0 = Ad-Hoc|iPhone
		{F4DF5E26-272B-43DA-8FF3-F8CA786F4474}.Ad-Hoc|x86.Deploy.0 = Ad-Hoc|iPhone
		{F4DF5E26-272B-43DA-8FF3-F8CA786F4474}.AppStore|Any CPU.ActiveCfg = AppStore|iPhone
		{F4DF5E26-272B-43DA-8FF3-F8CA786F4474}.AppStore|Any CPU.Build.0 = AppStore|iPhone
		{F4DF5E26-272B-43DA-8FF3-F8CA786F4474}.AppStore|Any CPU.Deploy.0 = AppStore|iPhone
		{F4DF5E26-272B-43DA-8FF3-F8CA786F4474}.AppStore|ARM.ActiveCfg = AppStore|iPhone
		{F4DF5E26-272B-43DA-8FF3-F8CA786F4474}.AppStore|ARM.Build.0 = AppStore|iPhone
		{F4DF5E26-272B-43DA-8FF3-F8CA786F4474}.AppStore|ARM.Deploy.0 = AppStore|iPhone
		{F4DF5E26-272B-43DA-8FF3-F8CA786F4474}.AppStore|iPhone.ActiveCfg = AppStore|iPhone
		{F4DF5E26-272B-43DA-8FF3-F8CA786F4474}.AppStore|iPhone.Build.0 = AppStore|iPhone
		{F4DF5E26-272B-43DA-8FF3-F8CA786F4474}.AppStore|iPhone.Deploy.0 = AppStore|iPhone
		{F4DF5E26-272B-43DA-8FF3-F8CA786F4474}.AppStore|iPhoneSimulator.ActiveCfg = AppStore|iPhoneSimulator
		{F4DF5E26-272B-43DA-8FF3-F8CA786F4474}.AppStore|iPhoneSimulator.Build.0 = AppStore|iPhoneSimulator
		{F4DF5E26-272B-43DA-8FF3-F8CA786F4474}.AppStore|iPhoneSimulator.Deploy.0 = AppStore|iPhoneSimulator
		{F4DF5E26-272B-43DA-8FF3-F8CA786F4474}.AppStore|x64.ActiveCfg = AppStore|iPhone
		{F4DF5E26-272B-43DA-8FF3-F8CA786F4474}.AppStore|x64.Build.0 = AppStore|iPhone
		{F4DF5E26-272B-43DA-8FF3-F8CA786F4474}.AppStore|x64.Deploy.0 = AppStore|iPhone
		{F4DF5E26-272B-43DA-8FF3-F8CA786F4474}.AppStore|x86.ActiveCfg = AppStore|iPhone
		{F4DF5E26-272B-43DA-8FF3-F8CA786F4474}.AppStore|x86.Build.0 = AppStore|iPhone
		{F4DF5E26-272B-43DA-8FF3-F8CA786F4474}.AppStore|x86.Deploy.0 = AppStore|iPhone
		{F4DF5E26-272B-43DA-8FF3-F8CA786F4474}.Debug|Any CPU.ActiveCfg = Debug|iPhoneSimulator
		{F4DF5E26-272B-43DA-8FF3-F8CA786F4474}.Debug|Any CPU.Build.0 = Debug|iPhoneSimulator
		{F4DF5E26-272B-43DA-8FF3-F8CA786F4474}.Debug|Any CPU.Deploy.0 = Debug|iPhoneSimulator
		{F4DF5E26-272B-43DA-8FF3-F8CA786F4474}.Debug|ARM.ActiveCfg = Debug|iPhone
		{F4DF5E26-272B-43DA-8FF3-F8CA786F4474}.Debug|ARM.Build.0 = Debug|iPhone
		{F4DF5E26-272B-43DA-8FF3-F8CA786F4474}.Debug|ARM.Deploy.0 = Debug|iPhone
		{F4DF5E26-272B-43DA-8FF3-F8CA786F4474}.Debug|iPhone.ActiveCfg = Debug|iPhone
		{F4DF5E26-272B-43DA-8FF3-F8CA786F4474}.Debug|iPhone.Build.0 = Debug|iPhone
		{F4DF5E26-272B-43DA-8FF3-F8CA786F4474}.Debug|iPhone.Deploy.0 = Debug|iPhone
		{F4DF5E26-272B-43DA-8FF3-F8CA786F4474}.Debug|iPhoneSimulator.ActiveCfg = Debug|iPhoneSimulator
		{F4DF5E26-272B-43DA-8FF3-F8CA786F4474}.Debug|iPhoneSimulator.Build.0 = Debug|iPhoneSimulator
		{F4DF5E26-272B-43DA-8FF3-F8CA786F4474}.Debug|iPhoneSimulator.Deploy.0 = Debug|iPhoneSimulator
		{F4DF5E26-272B-43DA-8FF3-F8CA786F4474}.Debug|x64.ActiveCfg = Debug|iPhone
		{F4DF5E26-272B-43DA-8FF3-F8CA786F4474}.Debug|x64.Build.0 = Debug|iPhone
		{F4DF5E26-272B-43DA-8FF3-F8CA786F4474}.Debug|x64.Deploy.0 = Debug|iPhone
		{F4DF5E26-272B-43DA-8FF3-F8CA786F4474}.Debug|x86.ActiveCfg = Debug|iPhone
		{F4DF5E26-272B-43DA-8FF3-F8CA786F4474}.Debug|x86.Build.0 = Debug|iPhone
		{F4DF5E26-272B-43DA-8FF3-F8CA786F4474}.Debug|x86.Deploy.0 = Debug|iPhone
		{F4DF5E26-272B-43DA-8FF3-F8CA786F4474}.Release|Any CPU.ActiveCfg = Release|iPhone
		{F4DF5E26-272B-43DA-8FF3-F8CA786F4474}.Release|Any CPU.Build.0 = Release|iPhone
		{F4DF5E26-272B-43DA-8FF3-F8CA786F4474}.Release|Any CPU.Deploy.0 = Release|iPhone
		{F4DF5E26-272B-43DA-8FF3-F8CA786F4474}.Release|ARM.ActiveCfg = Release|iPhone
		{F4DF5E26-272B-43DA-8FF3-F8CA786F4474}.Release|ARM.Build.0 = Release|iPhone
		{F4DF5E26-272B-43DA-8FF3-F8CA786F4474}.Release|ARM.Deploy.0 = Release|iPhone
		{F4DF5E26-272B-43DA-8FF3-F8CA786F4474}.Release|iPhone.ActiveCfg = Release|iPhone
		{F4DF5E26-272B-43DA-8FF3-F8CA786F4474}.Release|iPhone.Build.0 = Release|iPhone
		{F4DF5E26-272B-43DA-8FF3-F8CA786F4474}.Release|iPhone.Deploy.0 = Release|iPhone
		{F4DF5E26-272B-43DA-8FF3-F8CA786F4474}.Release|iPhoneSimulator.ActiveCfg = Release|iPhoneSimulator
		{F4DF5E26-272B-43DA-8FF3-F8CA786F4474}.Release|iPhoneSimulator.Build.0 = Release|iPhoneSimulator
		{F4DF5E26-272B-43DA-8FF3-F8CA786F4474}.Release|iPhoneSimulator.Deploy.0 = Release|iPhoneSimulator
		{F4DF5E26-272B-43DA-8FF3-F8CA786F4474}.Release|x64.ActiveCfg = Release|iPhone
		{F4DF5E26-272B-43DA-8FF3-F8CA786F4474}.Release|x64.Build.0 = Release|iPhone
		{F4DF5E26-272B-43DA-8FF3-F8CA786F4474}.Release|x64.Deploy.0 = Release|iPhone
		{F4DF5E26-272B-43DA-8FF3-F8CA786F4474}.Release|x86.ActiveCfg = Release|iPhone
		{F4DF5E26-272B-43DA-8FF3-F8CA786F4474}.Release|x86.Build.0 = Release|iPhone
		{F4DF5E26-272B-43DA-8FF3-F8CA786F4474}.Release|x86.Deploy.0 = Release|iPhone
		{CFDDA868-9CB8-4404-A1C2-1741423DD35E}.Ad-Hoc|Any CPU.ActiveCfg = Release|x86
		{CFDDA868-9CB8-4404-A1C2-1741423DD35E}.Ad-Hoc|Any CPU.Build.0 = Release|x86
		{CFDDA868-9CB8-4404-A1C2-1741423DD35E}.Ad-Hoc|Any CPU.Deploy.0 = Release|x86
		{CFDDA868-9CB8-4404-A1C2-1741423DD35E}.Ad-Hoc|ARM.ActiveCfg = Release|ARM
		{CFDDA868-9CB8-4404-A1C2-1741423DD35E}.Ad-Hoc|ARM.Build.0 = Release|ARM
		{CFDDA868-9CB8-4404-A1C2-1741423DD35E}.Ad-Hoc|ARM.Deploy.0 = Release|ARM
		{CFDDA868-9CB8-4404-A1C2-1741423DD35E}.Ad-Hoc|iPhone.ActiveCfg = Release|x86
		{CFDDA868-9CB8-4404-A1C2-1741423DD35E}.Ad-Hoc|iPhone.Build.0 = Release|x86
		{CFDDA868-9CB8-4404-A1C2-1741423DD35E}.Ad-Hoc|iPhone.Deploy.0 = Release|x86
		{CFDDA868-9CB8-4404-A1C2-1741423DD35E}.Ad-Hoc|iPhoneSimulator.ActiveCfg = Release|x86
		{CFDDA868-9CB8-4404-A1C2-1741423DD35E}.Ad-Hoc|iPhoneSimulator.Build.0 = Release|x86
		{CFDDA868-9CB8-4404-A1C2-1741423DD35E}.Ad-Hoc|iPhoneSimulator.Deploy.0 = Release|x86
		{CFDDA868-9CB8-4404-A1C2-1741423DD35E}.Ad-Hoc|x64.ActiveCfg = Release|x64
		{CFDDA868-9CB8-4404-A1C2-1741423DD35E}.Ad-Hoc|x64.Build.0 = Release|x64
		{CFDDA868-9CB8-4404-A1C2-1741423DD35E}.Ad-Hoc|x64.Deploy.0 = Release|x64
		{CFDDA868-9CB8-4404-A1C2-1741423DD35E}.Ad-Hoc|x86.ActiveCfg = Release|x86
		{CFDDA868-9CB8-4404-A1C2-1741423DD35E}.Ad-Hoc|x86.Build.0 = Release|x86
		{CFDDA868-9CB8-4404-A1C2-1741423DD35E}.Ad-Hoc|x86.Deploy.0 = Release|x86
		{CFDDA868-9CB8-4404-A1C2-1741423DD35E}.AppStore|Any CPU.ActiveCfg = Release|x86
		{CFDDA868-9CB8-4404-A1C2-1741423DD35E}.AppStore|Any CPU.Build.0 = Release|x86
		{CFDDA868-9CB8-4404-A1C2-1741423DD35E}.AppStore|Any CPU.Deploy.0 = Release|x86
		{CFDDA868-9CB8-4404-A1C2-1741423DD35E}.AppStore|ARM.ActiveCfg = Release|ARM
		{CFDDA868-9CB8-4404-A1C2-1741423DD35E}.AppStore|ARM.Build.0 = Release|ARM
		{CFDDA868-9CB8-4404-A1C2-1741423DD35E}.AppStore|ARM.Deploy.0 = Release|ARM
		{CFDDA868-9CB8-4404-A1C2-1741423DD35E}.AppStore|iPhone.ActiveCfg = Release|x86
		{CFDDA868-9CB8-4404-A1C2-1741423DD35E}.AppStore|iPhone.Build.0 = Release|x86
		{CFDDA868-9CB8-4404-A1C2-1741423DD35E}.AppStore|iPhone.Deploy.0 = Release|x86
		{CFDDA868-9CB8-4404-A1C2-1741423DD35E}.AppStore|iPhoneSimulator.ActiveCfg = Release|x86
		{CFDDA868-9CB8-4404-A1C2-1741423DD35E}.AppStore|iPhoneSimulator.Build.0 = Release|x86
		{CFDDA868-9CB8-4404-A1C2-1741423DD35E}.AppStore|iPhoneSimulator.Deploy.0 = Release|x86
		{CFDDA868-9CB8-4404-A1C2-1741423DD35E}.AppStore|x64.ActiveCfg = Release|x64
		{CFDDA868-9CB8-4404-A1C2-1741423DD35E}.AppStore|x64.Build.0 = Release|x64
		{CFDDA868-9CB8-4404-A1C2-1741423DD35E}.AppStore|x64.Deploy.0 = Release|x64
		{CFDDA868-9CB8-4404-A1C2-1741423DD35E}.AppStore|x86.ActiveCfg = Release|x86
		{CFDDA868-9CB8-4404-A1C2-1741423DD35E}.AppStore|x86.Build.0 = Release|x86
		{CFDDA868-9CB8-4404-A1C2-1741423DD35E}.AppStore|x86.Deploy.0 = Release|x86
		{CFDDA868-9CB8-4404-A1C2-1741423DD35E}.Debug|Any CPU.ActiveCfg = Debug|x86
		{CFDDA868-9CB8-4404-A1C2-1741423DD35E}.Debug|Any CPU.Build.0 = Debug|x86
		{CFDDA868-9CB8-4404-A1C2-1741423DD35E}.Debug|Any CPU.Deploy.0 = Debug|x86
		{CFDDA868-9CB8-4404-A1C2-1741423DD35E}.Debug|ARM.ActiveCfg = Debug|ARM
		{CFDDA868-9CB8-4404-A1C2-1741423DD35E}.Debug|ARM.Build.0 = Debug|ARM
		{CFDDA868-9CB8-4404-A1C2-1741423DD35E}.Debug|ARM.Deploy.0 = Debug|ARM
		{CFDDA868-9CB8-4404-A1C2-1741423DD35E}.Debug|iPhone.ActiveCfg = Debug|x86
		{CFDDA868-9CB8-4404-A1C2-1741423DD35E}.Debug|iPhone.Build.0 = Debug|x86
		{CFDDA868-9CB8-4404-A1C2-1741423DD35E}.Debug|iPhone.Deploy.0 = Debug|x86
		{CFDDA868-9CB8-4404-A1C2-1741423DD35E}.Debug|iPhoneSimulator.ActiveCfg = Debug|x86
		{CFDDA868-9CB8-4404-A1C2-1741423DD35E}.Debug|iPhoneSimulator.Build.0 = Debug|x86
		{CFDDA868-9CB8-4404-A1C2-1741423DD35E}.Debug|iPhoneSimulator.Deploy.0 = Debug|x86
		{CFDDA868-9CB8-4404-A1C2-1741423DD35E}.Debug|x64.ActiveCfg = Debug|x64
		{CFDDA868-9CB8-4404-A1C2-1741423DD35E}.Debug|x64.Build.0 = Debug|x64
		{CFDDA868-9CB8-4404-A1C2-1741423DD35E}.Debug|x64.Deploy.0 = Debug|x64
		{CFDDA868-9CB8-4404-A1C2-1741423DD35E}.Debug|x86.ActiveCfg = Debug|x86
		{CFDDA868-9CB8-4404-A1C2-1741423DD35E}.Debug|x86.Build.0 = Debug|x86
		{CFDDA868-9CB8-4404-A1C2-1741423DD35E}.Debug|x86.Deploy.0 = Debug|x86
		{CFDDA868-9CB8-4404-A1C2-1741423DD35E}.Release|Any CPU.ActiveCfg = Release|x86
		{CFDDA868-9CB8-4404-A1C2-1741423DD35E}.Release|Any CPU.Build.0 = Release|x86
		{CFDDA868-9CB8-4404-A1C2-1741423DD35E}.Release|Any CPU.Deploy.0 = Release|x86
		{CFDDA868-9CB8-4404-A1C2-1741423DD35E}.Release|ARM.ActiveCfg = Release|ARM
		{CFDDA868-9CB8-4404-A1C2-1741423DD35E}.Release|ARM.Build.0 = Release|ARM
		{CFDDA868-9CB8-4404-A1C2-1741423DD35E}.Release|ARM.Deploy.0 = Release|ARM
		{CFDDA868-9CB8-4404-A1C2-1741423DD35E}.Release|iPhone.ActiveCfg = Release|x86
		{CFDDA868-9CB8-4404-A1C2-1741423DD35E}.Release|iPhone.Build.0 = Release|x86
		{CFDDA868-9CB8-4404-A1C2-1741423DD35E}.Release|iPhone.Deploy.0 = Release|x86
		{CFDDA868-9CB8-4404-A1C2-1741423DD35E}.Release|iPhoneSimulator.ActiveCfg = Release|x86
		{CFDDA868-9CB8-4404-A1C2-1741423DD35E}.Release|iPhoneSimulator.Build.0 = Release|x86
		{CFDDA868-9CB8-4404-A1C2-1741423DD35E}.Release|iPhoneSimulator.Deploy.0 = Release|x86
		{CFDDA868-9CB8-4404-A1C2-1741423DD35E}.Release|x64.ActiveCfg = Release|x64
		{CFDDA868-9CB8-4404-A1C2-1741423DD35E}.Release|x64.Build.0 = Release|x64
		{CFDDA868-9CB8-4404-A1C2-1741423DD35E}.Release|x64.Deploy.0 = Release|x64
		{CFDDA868-9CB8-4404-A1C2-1741423DD35E}.Release|x86.ActiveCfg = Release|x86
		{CFDDA868-9CB8-4404-A1C2-1741423DD35E}.Release|x86.Build.0 = Release|x86
		{CFDDA868-9CB8-4404-A1C2-1741423DD35E}.Release|x86.Deploy.0 = Release|x86
		{8262298F-360A-442B-9432-ABBC047FB7BA}.Ad-Hoc|Any CPU.ActiveCfg = Debug|Any CPU
		{8262298F-360A-442B-9432-ABBC047FB7BA}.Ad-Hoc|Any CPU.Build.0 = Debug|Any CPU
		{8262298F-360A-442B-9432-ABBC047FB7BA}.Ad-Hoc|Any CPU.Deploy.0 = Debug|Any CPU
		{8262298F-360A-442B-9432-ABBC047FB7BA}.Ad-Hoc|ARM.ActiveCfg = Debug|Any CPU
		{8262298F-360A-442B-9432-ABBC047FB7BA}.Ad-Hoc|ARM.Build.0 = Debug|Any CPU
		{8262298F-360A-442B-9432-ABBC047FB7BA}.Ad-Hoc|ARM.Deploy.0 = Debug|Any CPU
		{8262298F-360A-442B-9432-ABBC047FB7BA}.Ad-Hoc|iPhone.ActiveCfg = Debug|Any CPU
		{8262298F-360A-442B-9432-ABBC047FB7BA}.Ad-Hoc|iPhone.Build.0 = Debug|Any CPU
		{8262298F-360A-442B-9432-ABBC047FB7BA}.Ad-Hoc|iPhone.Deploy.0 = Debug|Any CPU
		{8262298F-360A-442B-9432-ABBC047FB7BA}.Ad-Hoc|iPhoneSimulator.ActiveCfg = Debug|Any CPU
		{8262298F-360A-442B-9432-ABBC047FB7BA}.Ad-Hoc|iPhoneSimulator.Build.0 = Debug|Any CPU
		{8262298F-360A-442B-9432-ABBC047FB7BA}.Ad-Hoc|iPhoneSimulator.Deploy.0 = Debug|Any CPU
		{8262298F-360A-442B-9432-ABBC047FB7BA}.Ad-Hoc|x64.ActiveCfg = Debug|Any CPU
		{8262298F-360A-442B-9432-ABBC047FB7BA}.Ad-Hoc|x64.Build.0 = Debug|Any CPU
		{8262298F-360A-442B-9432-ABBC047FB7BA}.Ad-Hoc|x64.Deploy.0 = Debug|Any CPU
		{8262298F-360A-442B-9432-ABBC047FB7BA}.Ad-Hoc|x86.ActiveCfg = Debug|Any CPU
		{8262298F-360A-442B-9432-ABBC047FB7BA}.Ad-Hoc|x86.Build.0 = Debug|Any CPU
		{8262298F-360A-442B-9432-ABBC047FB7BA}.Ad-Hoc|x86.Deploy.0 = Debug|Any CPU
		{8262298F-360A-442B-9432-ABBC047FB7BA}.AppStore|Any CPU.ActiveCfg = Debug|Any CPU
		{8262298F-360A-442B-9432-ABBC047FB7BA}.AppStore|Any CPU.Build.0 = Debug|Any CPU
		{8262298F-360A-442B-9432-ABBC047FB7BA}.AppStore|Any CPU.Deploy.0 = Debug|Any CPU
		{8262298F-360A-442B-9432-ABBC047FB7BA}.AppStore|ARM.ActiveCfg = Debug|Any CPU
		{8262298F-360A-442B-9432-ABBC047FB7BA}.AppStore|ARM.Build.0 = Debug|Any CPU
		{8262298F-360A-442B-9432-ABBC047FB7BA}.AppStore|ARM.Deploy.0 = Debug|Any CPU
		{8262298F-360A-442B-9432-ABBC047FB7BA}.AppStore|iPhone.ActiveCfg = Debug|Any CPU
		{8262298F-360A-442B-9432-ABBC047FB7BA}.AppStore|iPhone.Build.0 = Debug|Any CPU
		{8262298F-360A-442B-9432-ABBC047FB7BA}.AppStore|iPhone.Deploy.0 = Debug|Any CPU
		{8262298F-360A-442B-9432-ABBC047FB7BA}.AppStore|iPhoneSimulator.ActiveCfg = Debug|Any CPU
		{8262298F-360A-442B-9432-ABBC047FB7BA}.AppStore|iPhoneSimulator.Build.0 = Debug|Any CPU
		{8262298F-360A-442B-9432-ABBC047FB7BA}.AppStore|iPhoneSimulator.Deploy.0 = Debug|Any CPU
		{8262298F-360A-442B-9432-ABBC047FB7BA}.AppStore|x64.ActiveCfg = Debug|Any CPU
		{8262298F-360A-442B-9432-ABBC047FB7BA}.AppStore|x64.Build.0 = Debug|Any CPU
		{8262298F-360A-442B-9432-ABBC047FB7BA}.AppStore|x64.Deploy.0 = Debug|Any CPU
		{8262298F-360A-442B-9432-ABBC047FB7BA}.AppStore|x86.ActiveCfg = Debug|Any CPU
		{8262298F-360A-442B-9432-ABBC047FB7BA}.AppStore|x86.Build.0 = Debug|Any CPU
		{8262298F-360A-442B-9432-ABBC047FB7BA}.AppStore|x86.Deploy.0 = Debug|Any CPU
		{8262298F-360A-442B-9432-ABBC047FB7BA}.Debug|Any CPU.ActiveCfg = Debug|Any CPU
		{8262298F-360A-442B-9432-ABBC047FB7BA}.Debug|Any CPU.Build.0 = Debug|Any CPU
		{8262298F-360A-442B-9432-ABBC047FB7BA}.Debug|Any CPU.Deploy.0 = Debug|Any CPU
		{8262298F-360A-442B-9432-ABBC047FB7BA}.Debug|ARM.ActiveCfg = Debug|Any CPU
		{8262298F-360A-442B-9432-ABBC047FB7BA}.Debug|ARM.Build.0 = Debug|Any CPU
		{8262298F-360A-442B-9432-ABBC047FB7BA}.Debug|ARM.Deploy.0 = Debug|Any CPU
		{8262298F-360A-442B-9432-ABBC047FB7BA}.Debug|iPhone.ActiveCfg = Debug|Any CPU
		{8262298F-360A-442B-9432-ABBC047FB7BA}.Debug|iPhone.Build.0 = Debug|Any CPU
		{8262298F-360A-442B-9432-ABBC047FB7BA}.Debug|iPhone.Deploy.0 = Debug|Any CPU
		{8262298F-360A-442B-9432-ABBC047FB7BA}.Debug|iPhoneSimulator.ActiveCfg = Debug|Any CPU
		{8262298F-360A-442B-9432-ABBC047FB7BA}.Debug|iPhoneSimulator.Build.0 = Debug|Any CPU
		{8262298F-360A-442B-9432-ABBC047FB7BA}.Debug|iPhoneSimulator.Deploy.0 = Debug|Any CPU
		{8262298F-360A-442B-9432-ABBC047FB7BA}.Debug|x64.ActiveCfg = Debug|Any CPU
		{8262298F-360A-442B-9432-ABBC047FB7BA}.Debug|x64.Build.0 = Debug|Any CPU
		{8262298F-360A-442B-9432-ABBC047FB7BA}.Debug|x64.Deploy.0 = Debug|Any CPU
		{8262298F-360A-442B-9432-ABBC047FB7BA}.Debug|x86.ActiveCfg = Debug|Any CPU
		{8262298F-360A-442B-9432-ABBC047FB7BA}.Debug|x86.Build.0 = Debug|Any CPU
		{8262298F-360A-442B-9432-ABBC047FB7BA}.Debug|x86.Deploy.0 = Debug|Any CPU
		{8262298F-360A-442B-9432-ABBC047FB7BA}.Release|Any CPU.ActiveCfg = Release|Any CPU
		{8262298F-360A-442B-9432-ABBC047FB7BA}.Release|Any CPU.Build.0 = Release|Any CPU
		{8262298F-360A-442B-9432-ABBC047FB7BA}.Release|Any CPU.Deploy.0 = Release|Any CPU
		{8262298F-360A-442B-9432-ABBC047FB7BA}.Release|ARM.ActiveCfg = Release|Any CPU
		{8262298F-360A-442B-9432-ABBC047FB7BA}.Release|ARM.Build.0 = Release|Any CPU
		{8262298F-360A-442B-9432-ABBC047FB7BA}.Release|ARM.Deploy.0 = Release|Any CPU
		{8262298F-360A-442B-9432-ABBC047FB7BA}.Release|iPhone.ActiveCfg = Release|Any CPU
		{8262298F-360A-442B-9432-ABBC047FB7BA}.Release|iPhone.Build.0 = Release|Any CPU
		{8262298F-360A-442B-9432-ABBC047FB7BA}.Release|iPhone.Deploy.0 = Release|Any CPU
		{8262298F-360A-442B-9432-ABBC047FB7BA}.Release|iPhoneSimulator.ActiveCfg = Release|Any CPU
		{8262298F-360A-442B-9432-ABBC047FB7BA}.Release|iPhoneSimulator.Build.0 = Release|Any CPU
		{8262298F-360A-442B-9432-ABBC047FB7BA}.Release|iPhoneSimulator.Deploy.0 = Release|Any CPU
		{8262298F-360A-442B-9432-ABBC047FB7BA}.Release|x64.ActiveCfg = Release|Any CPU
		{8262298F-360A-442B-9432-ABBC047FB7BA}.Release|x64.Build.0 = Release|Any CPU
		{8262298F-360A-442B-9432-ABBC047FB7BA}.Release|x64.Deploy.0 = Release|Any CPU
		{8262298F-360A-442B-9432-ABBC047FB7BA}.Release|x86.ActiveCfg = Release|Any CPU
		{8262298F-360A-442B-9432-ABBC047FB7BA}.Release|x86.Build.0 = Release|Any CPU
		{8262298F-360A-442B-9432-ABBC047FB7BA}.Release|x86.Deploy.0 = Release|Any CPU
		{FB8DFDB2-33E1-4413-8617-DC4256972349}.Ad-Hoc|Any CPU.ActiveCfg = Debug|Any CPU
		{FB8DFDB2-33E1-4413-8617-DC4256972349}.Ad-Hoc|Any CPU.Build.0 = Debug|Any CPU
		{FB8DFDB2-33E1-4413-8617-DC4256972349}.Ad-Hoc|ARM.ActiveCfg = Debug|Any CPU
		{FB8DFDB2-33E1-4413-8617-DC4256972349}.Ad-Hoc|ARM.Build.0 = Debug|Any CPU
		{FB8DFDB2-33E1-4413-8617-DC4256972349}.Ad-Hoc|iPhone.ActiveCfg = Debug|Any CPU
		{FB8DFDB2-33E1-4413-8617-DC4256972349}.Ad-Hoc|iPhone.Build.0 = Debug|Any CPU
		{FB8DFDB2-33E1-4413-8617-DC4256972349}.Ad-Hoc|iPhoneSimulator.ActiveCfg = Debug|Any CPU
		{FB8DFDB2-33E1-4413-8617-DC4256972349}.Ad-Hoc|iPhoneSimulator.Build.0 = Debug|Any CPU
		{FB8DFDB2-33E1-4413-8617-DC4256972349}.Ad-Hoc|x64.ActiveCfg = Debug|Any CPU
		{FB8DFDB2-33E1-4413-8617-DC4256972349}.Ad-Hoc|x64.Build.0 = Debug|Any CPU
		{FB8DFDB2-33E1-4413-8617-DC4256972349}.Ad-Hoc|x86.ActiveCfg = Debug|Any CPU
		{FB8DFDB2-33E1-4413-8617-DC4256972349}.Ad-Hoc|x86.Build.0 = Debug|Any CPU
		{FB8DFDB2-33E1-4413-8617-DC4256972349}.AppStore|Any CPU.ActiveCfg = Debug|Any CPU
		{FB8DFDB2-33E1-4413-8617-DC4256972349}.AppStore|Any CPU.Build.0 = Debug|Any CPU
		{FB8DFDB2-33E1-4413-8617-DC4256972349}.AppStore|ARM.ActiveCfg = Debug|Any CPU
		{FB8DFDB2-33E1-4413-8617-DC4256972349}.AppStore|ARM.Build.0 = Debug|Any CPU
		{FB8DFDB2-33E1-4413-8617-DC4256972349}.AppStore|iPhone.ActiveCfg = Debug|Any CPU
		{FB8DFDB2-33E1-4413-8617-DC4256972349}.AppStore|iPhone.Build.0 = Debug|Any CPU
		{FB8DFDB2-33E1-4413-8617-DC4256972349}.AppStore|iPhoneSimulator.ActiveCfg = Debug|Any CPU
		{FB8DFDB2-33E1-4413-8617-DC4256972349}.AppStore|iPhoneSimulator.Build.0 = Debug|Any CPU
		{FB8DFDB2-33E1-4413-8617-DC4256972349}.AppStore|x64.ActiveCfg = Debug|Any CPU
		{FB8DFDB2-33E1-4413-8617-DC4256972349}.AppStore|x64.Build.0 = Debug|Any CPU
		{FB8DFDB2-33E1-4413-8617-DC4256972349}.AppStore|x86.ActiveCfg = Debug|Any CPU
		{FB8DFDB2-33E1-4413-8617-DC4256972349}.AppStore|x86.Build.0 = Debug|Any CPU
		{FB8DFDB2-33E1-4413-8617-DC4256972349}.Debug|Any CPU.ActiveCfg = Debug|Any CPU
		{FB8DFDB2-33E1-4413-8617-DC4256972349}.Debug|Any CPU.Build.0 = Debug|Any CPU
		{FB8DFDB2-33E1-4413-8617-DC4256972349}.Debug|ARM.ActiveCfg = Debug|Any CPU
		{FB8DFDB2-33E1-4413-8617-DC4256972349}.Debug|ARM.Build.0 = Debug|Any CPU
		{FB8DFDB2-33E1-4413-8617-DC4256972349}.Debug|iPhone.ActiveCfg = Debug|Any CPU
		{FB8DFDB2-33E1-4413-8617-DC4256972349}.Debug|iPhone.Build.0 = Debug|Any CPU
		{FB8DFDB2-33E1-4413-8617-DC4256972349}.Debug|iPhoneSimulator.ActiveCfg = Debug|Any CPU
		{FB8DFDB2-33E1-4413-8617-DC4256972349}.Debug|iPhoneSimulator.Build.0 = Debug|Any CPU
		{FB8DFDB2-33E1-4413-8617-DC4256972349}.Debug|x64.ActiveCfg = Debug|Any CPU
		{FB8DFDB2-33E1-4413-8617-DC4256972349}.Debug|x64.Build.0 = Debug|Any CPU
		{FB8DFDB2-33E1-4413-8617-DC4256972349}.Debug|x86.ActiveCfg = Debug|Any CPU
		{FB8DFDB2-33E1-4413-8617-DC4256972349}.Debug|x86.Build.0 = Debug|Any CPU
		{FB8DFDB2-33E1-4413-8617-DC4256972349}.Release|Any CPU.ActiveCfg = Release|Any CPU
		{FB8DFDB2-33E1-4413-8617-DC4256972349}.Release|Any CPU.Build.0 = Release|Any CPU
		{FB8DFDB2-33E1-4413-8617-DC4256972349}.Release|ARM.ActiveCfg = Release|Any CPU
		{FB8DFDB2-33E1-4413-8617-DC4256972349}.Release|ARM.Build.0 = Release|Any CPU
		{FB8DFDB2-33E1-4413-8617-DC4256972349}.Release|iPhone.ActiveCfg = Release|Any CPU
		{FB8DFDB2-33E1-4413-8617-DC4256972349}.Release|iPhone.Build.0 = Release|Any CPU
		{FB8DFDB2-33E1-4413-8617-DC4256972349}.Release|iPhoneSimulator.ActiveCfg = Release|Any CPU
		{FB8DFDB2-33E1-4413-8617-DC4256972349}.Release|iPhoneSimulator.Build.0 = Release|Any CPU
		{FB8DFDB2-33E1-4413-8617-DC4256972349}.Release|x64.ActiveCfg = Release|Any CPU
		{FB8DFDB2-33E1-4413-8617-DC4256972349}.Release|x64.Build.0 = Release|Any CPU
		{FB8DFDB2-33E1-4413-8617-DC4256972349}.Release|x86.ActiveCfg = Release|Any CPU
		{FB8DFDB2-33E1-4413-8617-DC4256972349}.Release|x86.Build.0 = Release|Any CPU
		{42741688-6EAD-472D-85C2-67C92BA35D3F}.Ad-Hoc|Any CPU.ActiveCfg = Release|Any CPU
		{42741688-6EAD-472D-85C2-67C92BA35D3F}.Ad-Hoc|Any CPU.Build.0 = Release|Any CPU
		{42741688-6EAD-472D-85C2-67C92BA35D3F}.Ad-Hoc|ARM.ActiveCfg = Release|Any CPU
		{42741688-6EAD-472D-85C2-67C92BA35D3F}.Ad-Hoc|ARM.Build.0 = Release|Any CPU
		{42741688-6EAD-472D-85C2-67C92BA35D3F}.Ad-Hoc|iPhone.ActiveCfg = Release|Any CPU
		{42741688-6EAD-472D-85C2-67C92BA35D3F}.Ad-Hoc|iPhone.Build.0 = Release|Any CPU
		{42741688-6EAD-472D-85C2-67C92BA35D3F}.Ad-Hoc|iPhoneSimulator.ActiveCfg = Release|Any CPU
		{42741688-6EAD-472D-85C2-67C92BA35D3F}.Ad-Hoc|iPhoneSimulator.Build.0 = Release|Any CPU
		{42741688-6EAD-472D-85C2-67C92BA35D3F}.Ad-Hoc|x64.ActiveCfg = Release|Any CPU
		{42741688-6EAD-472D-85C2-67C92BA35D3F}.Ad-Hoc|x64.Build.0 = Release|Any CPU
		{42741688-6EAD-472D-85C2-67C92BA35D3F}.Ad-Hoc|x86.ActiveCfg = Release|Any CPU
		{42741688-6EAD-472D-85C2-67C92BA35D3F}.Ad-Hoc|x86.Build.0 = Release|Any CPU
		{42741688-6EAD-472D-85C2-67C92BA35D3F}.AppStore|Any CPU.ActiveCfg = Release|Any CPU
		{42741688-6EAD-472D-85C2-67C92BA35D3F}.AppStore|Any CPU.Build.0 = Release|Any CPU
		{42741688-6EAD-472D-85C2-67C92BA35D3F}.AppStore|ARM.ActiveCfg = Release|Any CPU
		{42741688-6EAD-472D-85C2-67C92BA35D3F}.AppStore|ARM.Build.0 = Release|Any CPU
		{42741688-6EAD-472D-85C2-67C92BA35D3F}.AppStore|iPhone.ActiveCfg = Release|Any CPU
		{42741688-6EAD-472D-85C2-67C92BA35D3F}.AppStore|iPhone.Build.0 = Release|Any CPU
		{42741688-6EAD-472D-85C2-67C92BA35D3F}.AppStore|iPhoneSimulator.ActiveCfg = Release|Any CPU
		{42741688-6EAD-472D-85C2-67C92BA35D3F}.AppStore|iPhoneSimulator.Build.0 = Release|Any CPU
		{42741688-6EAD-472D-85C2-67C92BA35D3F}.AppStore|x64.ActiveCfg = Release|Any CPU
		{42741688-6EAD-472D-85C2-67C92BA35D3F}.AppStore|x64.Build.0 = Release|Any CPU
		{42741688-6EAD-472D-85C2-67C92BA35D3F}.AppStore|x86.ActiveCfg = Release|Any CPU
		{42741688-6EAD-472D-85C2-67C92BA35D3F}.AppStore|x86.Build.0 = Release|Any CPU
		{42741688-6EAD-472D-85C2-67C92BA35D3F}.Debug|Any CPU.ActiveCfg = Debug|Any CPU
		{42741688-6EAD-472D-85C2-67C92BA35D3F}.Debug|Any CPU.Build.0 = Debug|Any CPU
		{42741688-6EAD-472D-85C2-67C92BA35D3F}.Debug|ARM.ActiveCfg = Debug|Any CPU
		{42741688-6EAD-472D-85C2-67C92BA35D3F}.Debug|ARM.Build.0 = Debug|Any CPU
		{42741688-6EAD-472D-85C2-67C92BA35D3F}.Debug|iPhone.ActiveCfg = Debug|Any CPU
		{42741688-6EAD-472D-85C2-67C92BA35D3F}.Debug|iPhone.Build.0 = Debug|Any CPU
		{42741688-6EAD-472D-85C2-67C92BA35D3F}.Debug|iPhoneSimulator.ActiveCfg = Debug|Any CPU
		{42741688-6EAD-472D-85C2-67C92BA35D3F}.Debug|iPhoneSimulator.Build.0 = Debug|Any CPU
		{42741688-6EAD-472D-85C2-67C92BA35D3F}.Debug|x64.ActiveCfg = Debug|Any CPU
		{42741688-6EAD-472D-85C2-67C92BA35D3F}.Debug|x64.Build.0 = Debug|Any CPU
		{42741688-6EAD-472D-85C2-67C92BA35D3F}.Debug|x86.ActiveCfg = Debug|Any CPU
		{42741688-6EAD-472D-85C2-67C92BA35D3F}.Debug|x86.Build.0 = Debug|Any CPU
		{42741688-6EAD-472D-85C2-67C92BA35D3F}.Release|Any CPU.ActiveCfg = Release|Any CPU
		{42741688-6EAD-472D-85C2-67C92BA35D3F}.Release|Any CPU.Build.0 = Release|Any CPU
		{42741688-6EAD-472D-85C2-67C92BA35D3F}.Release|ARM.ActiveCfg = Release|Any CPU
		{42741688-6EAD-472D-85C2-67C92BA35D3F}.Release|ARM.Build.0 = Release|Any CPU
		{42741688-6EAD-472D-85C2-67C92BA35D3F}.Release|iPhone.ActiveCfg = Release|Any CPU
		{42741688-6EAD-472D-85C2-67C92BA35D3F}.Release|iPhone.Build.0 = Release|Any CPU
		{42741688-6EAD-472D-85C2-67C92BA35D3F}.Release|iPhoneSimulator.ActiveCfg = Release|Any CPU
		{42741688-6EAD-472D-85C2-67C92BA35D3F}.Release|iPhoneSimulator.Build.0 = Release|Any CPU
		{42741688-6EAD-472D-85C2-67C92BA35D3F}.Release|x64.ActiveCfg = Release|Any CPU
		{42741688-6EAD-472D-85C2-67C92BA35D3F}.Release|x64.Build.0 = Release|Any CPU
		{42741688-6EAD-472D-85C2-67C92BA35D3F}.Release|x86.ActiveCfg = Release|Any CPU
		{42741688-6EAD-472D-85C2-67C92BA35D3F}.Release|x86.Build.0 = Release|Any CPU
	EndGlobalSection
	GlobalSection(SolutionProperties) = preSolution
		HideSolutionNode = FALSE
	EndGlobalSection
	GlobalSection(ExtensibilityGlobals) = postSolution
		SolutionGuid = {BCFCC6DF-CD3A-4E0F-A8D0-FAA8B78F2115}
	EndGlobalSection
EndGlobal
